
Microsoft Visual Studio Solution File, Format Version 12.00
# Visual Studio Version 17
VisualStudioVersion = 17.3.32811.315
MinimumVisualStudioVersion = 10.0.40219.1
Project("{9A19103F-16F7-4668-BE54-9A1E7A4F7556}") = "Sender", "TCPSender\Sender.csproj", "{E62B599E-D485-41EE-8EBF-4373C05D7FE7}"
EndProject
Project("{9A19103F-16F7-4668-BE54-9A1E7A4F7556}") = "TCPListen", "TCPListen\TCPListen.csproj", "{D1525D15-EF0C-4187-979D-EDF1B5CA9D8C}"
EndProject
Project("{9A19103F-16F7-4668-BE54-9A1E7A4F7556}") = "Server", "Server\Server.csproj", "{C5C88529-5BC2-4DD7-9937-0B0F90A0D42C}"
EndProject
Project("{9A19103F-16F7-4668-BE54-9A1E7A4F7556}") = "Client", "Client\Client.csproj", "{42F7237F-E073-4B2E-B700-B9060270B3FE}"
EndProject
Project("{FAE04EC0-301F-11D3-BF4B-00C04F79EFBC}") = "ServerCLI", "ServerCLI\ServerCLI.csproj", "{51BAB6CA-3310-44DD-B292-308A297657EB}"
EndProject
Global
	GlobalSection(SolutionConfigurationPlatforms) = preSolution
		Debug|Any CPU = Debug|Any CPU
		Release|Any CPU = Release|Any CPU
	EndGlobalSection
	GlobalSection(ProjectConfigurationPlatforms) = postSolution
		{E62B599E-D485-41EE-8EBF-4373C05D7FE7}.Debug|Any CPU.ActiveCfg = Debug|Any CPU
		{E62B599E-D485-41EE-8EBF-4373C05D7FE7}.Debug|Any CPU.Build.0 = Debug|Any CPU
		{E62B599E-D485-41EE-8EBF-4373C05D7FE7}.Release|Any CPU.ActiveCfg = Release|Any CPU
		{E62B599E-D485-41EE-8EBF-4373C05D7FE7}.Release|Any CPU.Build.0 = Release|Any CPU
		{D1525D15-EF0C-4187-979D-EDF1B5CA9D8C}.Debug|Any CPU.ActiveCfg = Debug|Any CPU
		{D1525D15-EF0C-4187-979D-EDF1B5CA9D8C}.Debug|Any CPU.Build.0 = Debug|Any CPU
		{D1525D15-EF0C-4187-979D-EDF1B5CA9D8C}.Release|Any CPU.ActiveCfg = Release|Any CPU
		{D1525D15-EF0C-4187-979D-EDF1B5CA9D8C}.Release|Any CPU.Build.0 = Release|Any CPU
		{C5C88529-5BC2-4DD7-9937-0B0F90A0D42C}.Debug|Any CPU.ActiveCfg = Debug|Any CPU
		{C5C88529-5BC2-4DD7-9937-0B0F90A0D42C}.Debug|Any CPU.Build.0 = Debug|Any CPU
		{C5C88529-5BC2-4DD7-9937-0B0F90A0D42C}.Release|Any CPU.ActiveCfg = Release|Any CPU
		{C5C88529-5BC2-4DD7-9937-0B0F90A0D42C}.Release|Any CPU.Build.0 = Release|Any CPU
		{42F7237F-E073-4B2E-B700-B9060270B3FE}.Debug|Any CPU.ActiveCfg = Debug|Any CPU
		{42F7237F-E073-4B2E-B700-B9060270B3FE}.Debug|Any CPU.Build.0 = Debug|Any CPU
		{42F7237F-E073-4B2E-B700-B9060270B3FE}.Release|Any CPU.ActiveCfg = Release|Any CPU
		{42F7237F-E073-4B2E-B700-B9060270B3FE}.Release|Any CPU.Build.0 = Release|Any CPU
		{51BAB6CA-3310-44DD-B292-308A297657EB}.Debug|Any CPU.ActiveCfg = Debug|Any CPU
		{51BAB6CA-3310-44DD-B292-308A297657EB}.Debug|Any CPU.Build.0 = Debug|Any CPU
		{51BAB6CA-3310-44DD-B292-308A297657EB}.Release|Any CPU.ActiveCfg = Release|Any CPU
		{51BAB6CA-3310-44DD-B292-308A297657EB}.Release|Any CPU.Build.0 = Release|Any CPU
	EndGlobalSection
	GlobalSection(SolutionProperties) = preSolution
		HideSolutionNode = FALSE
	EndGlobalSection
	GlobalSection(ExtensibilityGlobals) = postSolution
		SolutionGuid = {F9087099-201B-4EBC-A579-06C2A3C50B5B}
	EndGlobalSection
EndGlobal
